<?xml version="1.0" encoding="UTF-8" standalone="yes" ?>
<CodeBlocks_project_file>
	<FileVersion major="1" minor="6" />
	<Project>
		<Option title="Házi Feladat" />
		<Option pch_mode="2" />
		<Option compiler="gcc" />
		<Build>
			<Target title="Debug">
				<Option output="bin/Debug/Házi Feladat" prefix_auto="1" extension_auto="1" />
				<Option object_output="obj/Debug/" />
				<Option type="1" />
				<Option compiler="gcc" />
				<Option parameters="allomasok.csv vonatok.csv" />
				<Compiler>
					<Add option="-g" />
					<Add option="-DMEMTRACE" />
					<Add directory="include" />
				</Compiler>
			</Target>
			<Target title="Release">
				<Option output="bin/Release/Házi Feladat" prefix_auto="1" extension_auto="1" />
				<Option object_output="obj/Release/" />
				<Option type="1" />
				<Option compiler="gcc" />
				<Compiler>
					<Add option="-O2" />
					<Add directory="include" />
				</Compiler>
				<Linker>
					<Add option="-s" />
				</Linker>
			</Target>
		</Build>
		<Compiler>
			<Add option="-Wall" />
			<Add option="-fexceptions" />
		</Compiler>
		<Unit filename="allomasok.csv" />
		<Unit filename="header.txt">
			<Option target="&lt;{~None~}&gt;" />
		</Unit>
		<Unit filename="include/memtrace.h" />
		<Unit filename="include/railwayNetwork.h" />
		<Unit filename="include/timetable.h" />
		<Unit filename="include/train.h" />
		<Unit filename="include/traintime.h" />
		<Unit filename="main.cpp" />
		<Unit filename="src/memtrace.cpp" />
		<Unit filename="src/railwayNetwork.cpp" />
		<Unit filename="src/timetable.cpp" />
		<Unit filename="src/train.cpp" />
		<Unit filename="src/traintime.cpp" />
		<Unit filename="vonatok.csv" />
		<Extensions>
			<lib_finder disable_auto="1" />
		</Extensions>
	</Project>
</CodeBlocks_project_file>
